
Microsoft Visual Studio Solution File, Format Version 10.00
# Visual Studio 2008
Project("{8BC9CEB8-8B4A-11D0-8D11-00A0C91BC942}") = "tessnet2", "Tess\Tess.vcproj", "{FEDB9ED8-BBB4-4AE1-91C6-0D2EA4198BB5}"
EndProject
Project("{FAE04EC0-301F-11D3-BF4B-00C04F79EFBC}") = "TesseractConsole", "TesseractConsole\TesseractConsole.csproj", "{AD534EEE-AB29-4A23-996B-0DE48981A00B}"
EndProject
Project("{FAE04EC0-301F-11D3-BF4B-00C04F79EFBC}") = "TesseractOCR", "TesseractOCR\TesseractOCR.csproj", "{FF84F7CE-DD63-4A97-AFAA-0E195364C63E}"
EndProject
Project("{FAE04EC0-301F-11D3-BF4B-00C04F79EFBC}") = "CodeReflection.ScreenCapturingDemo", "Taking Screen Captures\CodeReflection.ScreenCapturingDemo.csproj", "{B6B8E09E-4C03-41BC-A89C-393A78373C16}"
EndProject
Project("{FAE04EC0-301F-11D3-BF4B-00C04F79EFBC}") = "TestEventSender", "TestEventSender\TestEventSender.csproj", "{E53E8C30-397A-4008-A7B9-157385E62D0C}"
EndProject
Project("{FAE04EC0-301F-11D3-BF4B-00C04F79EFBC}") = "WinEventReceiver", "WinEventReceiver\WinEventReceiver.csproj", "{168B0A47-3E0A-44DB-8129-F60674032EDF}"
EndProject
Global
	GlobalSection(SolutionConfigurationPlatforms) = preSolution
		Debug|Any CPU = Debug|Any CPU
		Debug|Mixed Platforms = Debug|Mixed Platforms
		Debug|Win32 = Debug|Win32
		Release|Any CPU = Release|Any CPU
		Release|Mixed Platforms = Release|Mixed Platforms
		Release|Win32 = Release|Win32
	EndGlobalSection
	GlobalSection(ProjectConfigurationPlatforms) = postSolution
		{FEDB9ED8-BBB4-4AE1-91C6-0D2EA4198BB5}.Debug|Any CPU.ActiveCfg = Debug|Win32
		{FEDB9ED8-BBB4-4AE1-91C6-0D2EA4198BB5}.Debug|Mixed Platforms.ActiveCfg = Debug|Win32
		{FEDB9ED8-BBB4-4AE1-91C6-0D2EA4198BB5}.Debug|Mixed Platforms.Build.0 = Debug|Win32
		{FEDB9ED8-BBB4-4AE1-91C6-0D2EA4198BB5}.Debug|Win32.ActiveCfg = Debug|Win32
		{FEDB9ED8-BBB4-4AE1-91C6-0D2EA4198BB5}.Debug|Win32.Build.0 = Debug|Win32
		{FEDB9ED8-BBB4-4AE1-91C6-0D2EA4198BB5}.Release|Any CPU.ActiveCfg = Release|Win32
		{FEDB9ED8-BBB4-4AE1-91C6-0D2EA4198BB5}.Release|Mixed Platforms.ActiveCfg = Release|Win32
		{FEDB9ED8-BBB4-4AE1-91C6-0D2EA4198BB5}.Release|Mixed Platforms.Build.0 = Release|Win32
		{FEDB9ED8-BBB4-4AE1-91C6-0D2EA4198BB5}.Release|Win32.ActiveCfg = Release|Win32
		{FEDB9ED8-BBB4-4AE1-91C6-0D2EA4198BB5}.Release|Win32.Build.0 = Release|Win32
		{AD534EEE-AB29-4A23-996B-0DE48981A00B}.Debug|Any CPU.ActiveCfg = Debug|Any CPU
		{AD534EEE-AB29-4A23-996B-0DE48981A00B}.Debug|Any CPU.Build.0 = Debug|Any CPU
		{AD534EEE-AB29-4A23-996B-0DE48981A00B}.Debug|Mixed Platforms.ActiveCfg = Debug|Any CPU
		{AD534EEE-AB29-4A23-996B-0DE48981A00B}.Debug|Mixed Platforms.Build.0 = Debug|Any CPU
		{AD534EEE-AB29-4A23-996B-0DE48981A00B}.Debug|Win32.ActiveCfg = Debug|Any CPU
		{AD534EEE-AB29-4A23-996B-0DE48981A00B}.Release|Any CPU.ActiveCfg = Release|Any CPU
		{AD534EEE-AB29-4A23-996B-0DE48981A00B}.Release|Any CPU.Build.0 = Release|Any CPU
		{AD534EEE-AB29-4A23-996B-0DE48981A00B}.Release|Mixed Platforms.ActiveCfg = Release|Any CPU
		{AD534EEE-AB29-4A23-996B-0DE48981A00B}.Release|Mixed Platforms.Build.0 = Release|Any CPU
		{AD534EEE-AB29-4A23-996B-0DE48981A00B}.Release|Win32.ActiveCfg = Release|Any CPU
		{FF84F7CE-DD63-4A97-AFAA-0E195364C63E}.Debug|Any CPU.ActiveCfg = Debug|Any CPU
		{FF84F7CE-DD63-4A97-AFAA-0E195364C63E}.Debug|Any CPU.Build.0 = Debug|Any CPU
		{FF84F7CE-DD63-4A97-AFAA-0E195364C63E}.Debug|Mixed Platforms.ActiveCfg = Debug|Any CPU
		{FF84F7CE-DD63-4A97-AFAA-0E195364C63E}.Debug|Mixed Platforms.Build.0 = Debug|Any CPU
		{FF84F7CE-DD63-4A97-AFAA-0E195364C63E}.Debug|Win32.ActiveCfg = Debug|Any CPU
		{FF84F7CE-DD63-4A97-AFAA-0E195364C63E}.Release|Any CPU.ActiveCfg = Release|Any CPU
		{FF84F7CE-DD63-4A97-AFAA-0E195364C63E}.Release|Any CPU.Build.0 = Release|Any CPU
		{FF84F7CE-DD63-4A97-AFAA-0E195364C63E}.Release|Mixed Platforms.ActiveCfg = Release|Any CPU
		{FF84F7CE-DD63-4A97-AFAA-0E195364C63E}.Release|Mixed Platforms.Build.0 = Release|Any CPU
		{FF84F7CE-DD63-4A97-AFAA-0E195364C63E}.Release|Win32.ActiveCfg = Release|Any CPU
		{B6B8E09E-4C03-41BC-A89C-393A78373C16}.Debug|Any CPU.ActiveCfg = Debug|Any CPU
		{B6B8E09E-4C03-41BC-A89C-393A78373C16}.Debug|Any CPU.Build.0 = Debug|Any CPU
		{B6B8E09E-4C03-41BC-A89C-393A78373C16}.Debug|Mixed Platforms.ActiveCfg = Debug|Any CPU
		{B6B8E09E-4C03-41BC-A89C-393A78373C16}.Debug|Mixed Platforms.Build.0 = Debug|Any CPU
		{B6B8E09E-4C03-41BC-A89C-393A78373C16}.Debug|Win32.ActiveCfg = Debug|Any CPU
		{B6B8E09E-4C03-41BC-A89C-393A78373C16}.Release|Any CPU.ActiveCfg = Release|Any CPU
		{B6B8E09E-4C03-41BC-A89C-393A78373C16}.Release|Any CPU.Build.0 = Release|Any CPU
		{B6B8E09E-4C03-41BC-A89C-393A78373C16}.Release|Mixed Platforms.ActiveCfg = Release|Any CPU
		{B6B8E09E-4C03-41BC-A89C-393A78373C16}.Release|Mixed Platforms.Build.0 = Release|Any CPU
		{B6B8E09E-4C03-41BC-A89C-393A78373C16}.Release|Win32.ActiveCfg = Release|Any CPU
		{E53E8C30-397A-4008-A7B9-157385E62D0C}.Debug|Any CPU.ActiveCfg = Debug|Any CPU
		{E53E8C30-397A-4008-A7B9-157385E62D0C}.Debug|Any CPU.Build.0 = Debug|Any CPU
		{E53E8C30-397A-4008-A7B9-157385E62D0C}.Debug|Mixed Platforms.ActiveCfg = Debug|Any CPU
		{E53E8C30-397A-4008-A7B9-157385E62D0C}.Debug|Mixed Platforms.Build.0 = Debug|Any CPU
		{E53E8C30-397A-4008-A7B9-157385E62D0C}.Debug|Win32.ActiveCfg = Debug|Any CPU
		{E53E8C30-397A-4008-A7B9-157385E62D0C}.Release|Any CPU.ActiveCfg = Release|Any CPU
		{E53E8C30-397A-4008-A7B9-157385E62D0C}.Release|Any CPU.Build.0 = Release|Any CPU
		{E53E8C30-397A-4008-A7B9-157385E62D0C}.Release|Mixed Platforms.ActiveCfg = Release|Any CPU
		{E53E8C30-397A-4008-A7B9-157385E62D0C}.Release|Mixed Platforms.Build.0 = Release|Any CPU
		{E53E8C30-397A-4008-A7B9-157385E62D0C}.Release|Win32.ActiveCfg = Release|Any CPU
		{168B0A47-3E0A-44DB-8129-F60674032EDF}.Debug|Any CPU.ActiveCfg = Debug|Any CPU
		{168B0A47-3E0A-44DB-8129-F60674032EDF}.Debug|Any CPU.Build.0 = Debug|Any CPU
		{168B0A47-3E0A-44DB-8129-F60674032EDF}.Debug|Mixed Platforms.ActiveCfg = Debug|Any CPU
		{168B0A47-3E0A-44DB-8129-F60674032EDF}.Debug|Mixed Platforms.Build.0 = Debug|Any CPU
		{168B0A47-3E0A-44DB-8129-F60674032EDF}.Debug|Win32.ActiveCfg = Debug|Any CPU
		{168B0A47-3E0A-44DB-8129-F60674032EDF}.Release|Any CPU.ActiveCfg = Release|Any CPU
		{168B0A47-3E0A-44DB-8129-F60674032EDF}.Release|Any CPU.Build.0 = Release|Any CPU
		{168B0A47-3E0A-44DB-8129-F60674032EDF}.Release|Mixed Platforms.ActiveCfg = Release|Any CPU
		{168B0A47-3E0A-44DB-8129-F60674032EDF}.Release|Mixed Platforms.Build.0 = Release|Any CPU
		{168B0A47-3E0A-44DB-8129-F60674032EDF}.Release|Win32.ActiveCfg = Release|Any CPU
	EndGlobalSection
	GlobalSection(SolutionProperties) = preSolution
		HideSolutionNode = FALSE
	EndGlobalSection
EndGlobal
